dependencies:
  espressif/lua:
    component_hash: 1eab31ab7200f78a0cb6e1633532abd012a167d504e8d8fc993909c52ce4fb88
    dependencies:
    - name: idf
      require: private
      version: '>=5.0'
    source:
      registry_url: https://components.espressif.com/
      type: service
    version: 5.5.0
  idf:
    source:
      type: idf
    version: 6.0.1
direct_dependencies:
- espressif/lua
- idf
manifest_hash: d2f21d5001eee05c95242e7ce053d2ab8d14d53870cdad52889b6b358aeb6278
target: esp32s3
version: 3.0.0
